
Microsoft Visual Studio Solution File, Format Version 12.00
# Visual Studio Version 16
VisualStudioVersion = 16.0.30413.136
MinimumVisualStudioVersion = 10.0.40219.1
Project("{FAE04EC0-301F-11D3-BF4B-00C04F79EFBC}") = "VerifyBuildSolution", "VerifyBuildSolution.csproj", "{13068616-B797-4FE4-907C-BFE0D15551A6}"
EndProject
Global
	GlobalSection(SolutionConfigurationPlatforms) = preSolution
		Debug|Any CPU = Debug|Any CPU
		Release|Any CPU = Release|Any CPU
	EndGlobalSection
	GlobalSection(ProjectConfigurationPlatforms) = postSolution
		{13068616-B797-4FE4-907C-BFE0D15551A6}.Debug|Any CPU.ActiveCfg = Debug|Any CPU
		{13068616-B797-4FE4-907C-BFE0D15551A6}.Debug|Any CPU.Build.0 = Debug|Any CPU
		{13068616-B797-4FE4-907C-BFE0D15551A6}.Release|Any CPU.ActiveCfg = Release|Any CPU
		{13068616-B797-4FE4-907C-BFE0D15551A6}.Release|Any CPU.Build.0 = Release|Any CPU
	EndGlobalSection
	GlobalSection(SolutionProperties) = preSolution
		HideSolutionNode = FALSE
	EndGlobalSection
	GlobalSection(ExtensibilityGlobals) = postSolution
		SolutionGuid = {50FBA066-79AA-4B72-868A-4D0504A8ACCF}
	EndGlobalSection
EndGlobal
