
Microsoft Visual Studio Solution File, Format Version 12.00
# Visual Studio Version 16
VisualStudioVersion = 16.0.30413.136
MinimumVisualStudioVersion = 10.0.40219.1
Project("{FAE04EC0-301F-11D3-BF4B-00C04F79EFBC}") = "VerifyBuildSolution_2019", "VerifyBuildSolution_2019\VerifyBuildSolution_2019.csproj", "{13068616-B797-4FE4-907C-BFE0D15551A6}"
EndProject
Project("{FAE04EC0-301F-11D3-BF4B-00C04F79EFBC}") = "VerifyBuildSolution_2022", "VerifyBuildSolution_2022\VerifyBuildSolution_2022.csproj", "{1E72A2E1-3169-43EF-AAA7-512CBB1E3767}"
EndProject
Global
	GlobalSection(SolutionConfigurationPlatforms) = preSolution
		Debug|Any CPU = Debug|Any CPU
		Debug|arm64 = Debug|arm64
		Debug|x86 = Debug|x86
		Release|Any CPU = Release|Any CPU
		Release|arm64 = Release|arm64
		Release|x86 = Release|x86
	EndGlobalSection
	GlobalSection(ProjectConfigurationPlatforms) = postSolution
		{13068616-B797-4FE4-907C-BFE0D15551A6}.Debug|Any CPU.ActiveCfg = Debug|Any CPU
		{13068616-B797-4FE4-907C-BFE0D15551A6}.Debug|Any CPU.Build.0 = Debug|Any CPU
		{13068616-B797-4FE4-907C-BFE0D15551A6}.Debug|arm64.ActiveCfg = Debug|Any CPU
		{13068616-B797-4FE4-907C-BFE0D15551A6}.Debug|arm64.Build.0 = Debug|Any CPU
		{13068616-B797-4FE4-907C-BFE0D15551A6}.Debug|x86.ActiveCfg = Debug|Any CPU
		{13068616-B797-4FE4-907C-BFE0D15551A6}.Debug|x86.Build.0 = Debug|Any CPU
		{13068616-B797-4FE4-907C-BFE0D15551A6}.Release|Any CPU.ActiveCfg = Release|Any CPU
		{13068616-B797-4FE4-907C-BFE0D15551A6}.Release|Any CPU.Build.0 = Release|Any CPU
		{13068616-B797-4FE4-907C-BFE0D15551A6}.Release|arm64.ActiveCfg = Release|Any CPU
		{13068616-B797-4FE4-907C-BFE0D15551A6}.Release|arm64.Build.0 = Release|Any CPU
		{13068616-B797-4FE4-907C-BFE0D15551A6}.Release|x86.ActiveCfg = Release|Any CPU
		{13068616-B797-4FE4-907C-BFE0D15551A6}.Release|x86.Build.0 = Release|Any CPU
		{1E72A2E1-3169-43EF-AAA7-512CBB1E3767}.Debug|Any CPU.ActiveCfg = Debug|Any CPU
		{1E72A2E1-3169-43EF-AAA7-512CBB1E3767}.Debug|Any CPU.Build.0 = Debug|Any CPU
		{1E72A2E1-3169-43EF-AAA7-512CBB1E3767}.Debug|arm64.ActiveCfg = Debug|arm64
		{1E72A2E1-3169-43EF-AAA7-512CBB1E3767}.Debug|arm64.Build.0 = Debug|arm64
		{1E72A2E1-3169-43EF-AAA7-512CBB1E3767}.Debug|x86.ActiveCfg = Debug|x86
		{1E72A2E1-3169-43EF-AAA7-512CBB1E3767}.Debug|x86.Build.0 = Debug|x86
		{1E72A2E1-3169-43EF-AAA7-512CBB1E3767}.Release|Any CPU.ActiveCfg = Release|Any CPU
		{1E72A2E1-3169-43EF-AAA7-512CBB1E3767}.Release|Any CPU.Build.0 = Release|Any CPU
		{1E72A2E1-3169-43EF-AAA7-512CBB1E3767}.Release|arm64.ActiveCfg = Release|arm64
		{1E72A2E1-3169-43EF-AAA7-512CBB1E3767}.Release|arm64.Build.0 = Release|arm64
		{1E72A2E1-3169-43EF-AAA7-512CBB1E3767}.Release|x86.ActiveCfg = Release|x86
		{1E72A2E1-3169-43EF-AAA7-512CBB1E3767}.Release|x86.Build.0 = Release|x86
	EndGlobalSection
	GlobalSection(SolutionProperties) = preSolution
		HideSolutionNode = FALSE
	EndGlobalSection
	GlobalSection(ExtensibilityGlobals) = postSolution
		SolutionGuid = {50FBA066-79AA-4B72-868A-4D0504A8ACCF}
	EndGlobalSection
EndGlobal
